
Microsoft Visual Studio Solution File, Format Version 12.00
# Visual Studio Version 17
VisualStudioVersion = 17.7.34221.43
MinimumVisualStudioVersion = 10.0.40219.1
Project("{FAE04EC0-301F-11D3-BF4B-00C04F79EFBC}") = "AppAcougue", "AppAcougue\AppAcougue.csproj", "{7EF7961E-610E-4EB6-AFC2-CCB6C29F976C}"
EndProject
Global
	GlobalSection(SolutionConfigurationPlatforms) = preSolution
		Debug|Any CPU = Debug|Any CPU
		Release|Any CPU = Release|Any CPU
	EndGlobalSection
	GlobalSection(ProjectConfigurationPlatforms) = postSolution
		{7EF7961E-610E-4EB6-AFC2-CCB6C29F976C}.Debug|Any CPU.ActiveCfg = Debug|Any CPU
		{7EF7961E-610E-4EB6-AFC2-CCB6C29F976C}.Debug|Any CPU.Build.0 = Debug|Any CPU
		{7EF7961E-610E-4EB6-AFC2-CCB6C29F976C}.Release|Any CPU.ActiveCfg = Release|Any CPU
		{7EF7961E-610E-4EB6-AFC2-CCB6C29F976C}.Release|Any CPU.Build.0 = Release|Any CPU
	EndGlobalSection
	GlobalSection(SolutionProperties) = preSolution
		HideSolutionNode = FALSE
	EndGlobalSection
	GlobalSection(ExtensibilityGlobals) = postSolution
		SolutionGuid = {61819376-91E9-437B-BCE8-27BEC9EC5135}
	EndGlobalSection
EndGlobal
